
Microsoft Visual Studio Solution File, Format Version 12.00
# Visual Studio Version 16
VisualStudioVersion = 16.0.29519.87
MinimumVisualStudioVersion = 10.0.40219.1
Project("{FAE04EC0-301F-11D3-BF4B-00C04F79EFBC}") = "E-Justice-Portal", "E-Justice-Portal\E-Justice-Portal.csproj", "{F5BB4593-BE7D-4DC8-95FA-2B21C42FBD92}"
EndProject
Global
	GlobalSection(SolutionConfigurationPlatforms) = preSolution
		Debug|Any CPU = Debug|Any CPU
		Release|Any CPU = Release|Any CPU
	EndGlobalSection
	GlobalSection(ProjectConfigurationPlatforms) = postSolution
		{F5BB4593-BE7D-4DC8-95FA-2B21C42FBD92}.Debug|Any CPU.ActiveCfg = Debug|Any CPU
		{F5BB4593-BE7D-4DC8-95FA-2B21C42FBD92}.Debug|Any CPU.Build.0 = Debug|Any CPU
		{F5BB4593-BE7D-4DC8-95FA-2B21C42FBD92}.Release|Any CPU.ActiveCfg = Release|Any CPU
		{F5BB4593-BE7D-4DC8-95FA-2B21C42FBD92}.Release|Any CPU.Build.0 = Release|Any CPU
	EndGlobalSection
	GlobalSection(SolutionProperties) = preSolution
		HideSolutionNode = FALSE
	EndGlobalSection
	GlobalSection(ExtensibilityGlobals) = postSolution
		SolutionGuid = {6360ECD1-D24B-45F6-9649-F762FCEDD1FC}
	EndGlobalSection
EndGlobal
